
Microsoft Visual Studio Solution File, Format Version 12.00
# Visual Studio Version 17
VisualStudioVersion = 17.5.002.0
MinimumVisualStudioVersion = 10.0.40219.1
Project("{9A19103F-16F7-4668-BE54-9A1E7A4F7556}") = "dotNetOrigins", "dotNetOrigins.csproj", "{DCCDCA35-3E9F-4DEB-8E8A-CD90B5D4323C}"
EndProject
Global
	GlobalSection(SolutionConfigurationPlatforms) = preSolution
		Debug|Any CPU = Debug|Any CPU
		Release|Any CPU = Release|Any CPU
	EndGlobalSection
	GlobalSection(ProjectConfigurationPlatforms) = postSolution
		{DCCDCA35-3E9F-4DEB-8E8A-CD90B5D4323C}.Debug|Any CPU.ActiveCfg = Debug|Any CPU
		{DCCDCA35-3E9F-4DEB-8E8A-CD90B5D4323C}.Debug|Any CPU.Build.0 = Debug|Any CPU
		{DCCDCA35-3E9F-4DEB-8E8A-CD90B5D4323C}.Release|Any CPU.ActiveCfg = Release|Any CPU
		{DCCDCA35-3E9F-4DEB-8E8A-CD90B5D4323C}.Release|Any CPU.Build.0 = Release|Any CPU
	EndGlobalSection
	GlobalSection(SolutionProperties) = preSolution
		HideSolutionNode = FALSE
	EndGlobalSection
	GlobalSection(ExtensibilityGlobals) = postSolution
		SolutionGuid = {6A94D170-46A4-4950-8D8C-BF8759430375}
	EndGlobalSection
EndGlobal
